
Microsoft Visual Studio Solution File, Format Version 12.00
# Visual Studio Version 17
VisualStudioVersion = 17.4.33213.308
MinimumVisualStudioVersion = 10.0.40219.1
Project("{FAE04EC0-301F-11D3-BF4B-00C04F79EFBC}") = "SeamLess CustomerOnboarding-Front", "SeamLess CustomerOnboarding-Front.csproj", "{03EDAC9B-2DED-429F-BFC9-6904B0DAEFCD}"
EndProject
Global
	GlobalSection(SolutionConfigurationPlatforms) = preSolution
		Debug|Any CPU = Debug|Any CPU
		Release|Any CPU = Release|Any CPU
	EndGlobalSection
	GlobalSection(ProjectConfigurationPlatforms) = postSolution
		{03EDAC9B-2DED-429F-BFC9-6904B0DAEFCD}.Debug|Any CPU.ActiveCfg = Debug|Any CPU
		{03EDAC9B-2DED-429F-BFC9-6904B0DAEFCD}.Debug|Any CPU.Build.0 = Debug|Any CPU
		{03EDAC9B-2DED-429F-BFC9-6904B0DAEFCD}.Release|Any CPU.ActiveCfg = Release|Any CPU
		{03EDAC9B-2DED-429F-BFC9-6904B0DAEFCD}.Release|Any CPU.Build.0 = Release|Any CPU
	EndGlobalSection
	GlobalSection(SolutionProperties) = preSolution
		HideSolutionNode = FALSE
	EndGlobalSection
	GlobalSection(ExtensibilityGlobals) = postSolution
		SolutionGuid = {4E6BA519-B5AF-457C-BEEA-3C5B0C68A5FF}
	EndGlobalSection
EndGlobal
